
Microsoft Visual Studio Solution File, Format Version 12.00
# Visual Studio Version 16
VisualStudioVersion = 16.0.30907.101
MinimumVisualStudioVersion = 10.0.40219.1
Project("{FAE04EC0-301F-11D3-BF4B-00C04F79EFBC}") = "CheckBalanceApp", "CheckBalanceApp\CheckBalanceApp.csproj", "{C5455F8F-1252-4103-9DDC-B12F5E10A865}"
EndProject
Global
	GlobalSection(SolutionConfigurationPlatforms) = preSolution
		Debug|Any CPU = Debug|Any CPU
		Release|Any CPU = Release|Any CPU
	EndGlobalSection
	GlobalSection(ProjectConfigurationPlatforms) = postSolution
		{C5455F8F-1252-4103-9DDC-B12F5E10A865}.Debug|Any CPU.ActiveCfg = Debug|Any CPU
		{C5455F8F-1252-4103-9DDC-B12F5E10A865}.Debug|Any CPU.Build.0 = Debug|Any CPU
		{C5455F8F-1252-4103-9DDC-B12F5E10A865}.Release|Any CPU.ActiveCfg = Release|Any CPU
		{C5455F8F-1252-4103-9DDC-B12F5E10A865}.Release|Any CPU.Build.0 = Release|Any CPU
	EndGlobalSection
	GlobalSection(SolutionProperties) = preSolution
		HideSolutionNode = FALSE
	EndGlobalSection
	GlobalSection(ExtensibilityGlobals) = postSolution
		SolutionGuid = {913CC802-6CFB-4E54-84E7-7E37812186F8}
	EndGlobalSection
EndGlobal
